
Microsoft Visual Studio Solution File, Format Version 12.00
# Visual Studio Version 17
VisualStudioVersion = 17.10.35013.160
MinimumVisualStudioVersion = 10.0.40219.1
Project("{9A19103F-16F7-4668-BE54-9A1E7A4F7556}") = "SlotBookingApp", "SlotBookingApp\SlotBookingApp.csproj", "{F8E58B3D-438D-4C6D-85D3-5977AEAFB3B5}"
EndProject
Global
	GlobalSection(SolutionConfigurationPlatforms) = preSolution
		Debug|Any CPU = Debug|Any CPU
		Release|Any CPU = Release|Any CPU
	EndGlobalSection
	GlobalSection(ProjectConfigurationPlatforms) = postSolution
		{F8E58B3D-438D-4C6D-85D3-5977AEAFB3B5}.Debug|Any CPU.ActiveCfg = Debug|Any CPU
		{F8E58B3D-438D-4C6D-85D3-5977AEAFB3B5}.Debug|Any CPU.Build.0 = Debug|Any CPU
		{F8E58B3D-438D-4C6D-85D3-5977AEAFB3B5}.Release|Any CPU.ActiveCfg = Release|Any CPU
		{F8E58B3D-438D-4C6D-85D3-5977AEAFB3B5}.Release|Any CPU.Build.0 = Release|Any CPU
	EndGlobalSection
	GlobalSection(SolutionProperties) = preSolution
		HideSolutionNode = FALSE
	EndGlobalSection
	GlobalSection(ExtensibilityGlobals) = postSolution
		SolutionGuid = {18474C39-C73D-4A88-B353-9CDD43E0CC82}
	EndGlobalSection
EndGlobal
